
Microsoft Visual Studio Solution File, Format Version 12.00
# Visual Studio Version 17
VisualStudioVersion = 17.3.32611.2
MinimumVisualStudioVersion = 10.0.40219.1
Project("{9A19103F-16F7-4668-BE54-9A1E7A4F7556}") = "HomeInventory.Api", "HomeInventory.Api\HomeInventory.Api.csproj", "{7E4ACC06-21FE-4926-ACED-4F11370D533E}"
EndProject
Project("{9A19103F-16F7-4668-BE54-9A1E7A4F7556}") = "HomeInventory.Contracts", "HomeInventory.Contracts\HomeInventory.Contracts.csproj", "{0C253727-BB31-43D1-9BB6-5294C1CB1F1B}"
EndProject
Project("{2150E333-8FDC-42A3-9474-1A3956D46DE8}") = "Presentation", "Presentation", "{95C1DBBA-BF50-4738-B3A4-71FEB74333BE}"
EndProject
Project("{2150E333-8FDC-42A3-9474-1A3956D46DE8}") = "Application", "Application", "{84E0491E-6A0F-41F2-A007-9E130A07AD41}"
EndProject
Project("{2150E333-8FDC-42A3-9474-1A3956D46DE8}") = "Infrastructure", "Infrastructure", "{37996BAC-D284-4998-99D0-FA54E600A27C}"
EndProject
Project("{2150E333-8FDC-42A3-9474-1A3956D46DE8}") = "Domain", "Domain", "{8998FD12-C90F-4511-990B-C166FF2D4497}"
EndProject
Project("{9A19103F-16F7-4668-BE54-9A1E7A4F7556}") = "HomeInventory.Application", "HomeInventory.Application\HomeInventory.Application.csproj", "{D384701C-A1CE-4731-BFC0-29882E1271D3}"
EndProject
Project("{9A19103F-16F7-4668-BE54-9A1E7A4F7556}") = "HomeInventory.Domain", "HomeInventory.Domain\HomeInventory.Domain.csproj", "{F713EDF3-F4BB-49DE-B2C7-4D329DB6D253}"
EndProject
Project("{9A19103F-16F7-4668-BE54-9A1E7A4F7556}") = "HomeInventory.Infrastructure", "HomeInventory.Infrastructure\HomeInventory.Infrastructure.csproj", "{E5B8A9B1-CAF8-4F91-8424-E80BD88E299E}"
EndProject
Project("{2150E333-8FDC-42A3-9474-1A3956D46DE8}") = "Solution Items", "Solution Items", "{B9874B50-CF57-458A-B8F8-4BC68E13148C}"
	ProjectSection(SolutionItems) = preProject
		.dockerignore = .dockerignore
		.editorconfig = .editorconfig
		..\..\.github\ISSUE_TEMPLATE\BUG_REPORT.yml = ..\..\.github\ISSUE_TEMPLATE\BUG_REPORT.yml
		..\..\.github\workflows\build.yml = ..\..\.github\workflows\build.yml
		..\..\.github\workflows\codeql-analysis.yml = ..\..\.github\workflows\codeql-analysis.yml
		..\..\CODE_OF_CONDUCT.md = ..\..\CODE_OF_CONDUCT.md
		Directory.Build.props = Directory.Build.props
		Directory.Packages.props = Directory.Packages.props
		Dockerfile = Dockerfile
		..\..\.github\ISSUE_TEMPLATE\FEATURE_REQUEST.yml = ..\..\.github\ISSUE_TEMPLATE\FEATURE_REQUEST.yml
		global.json = global.json
		..\..\README.md = ..\..\README.md
		..\..\SECURITY.md = ..\..\SECURITY.md
	EndProjectSection
EndProject
Project("{2150E333-8FDC-42A3-9474-1A3956D46DE8}") = "Tests", "Tests", "{9AD3FEAC-AE79-4EF0-A851-4A5A7418DC5D}"
EndProject
Project("{9A19103F-16F7-4668-BE54-9A1E7A4F7556}") = "HomeInventory.Tests", "HomeInventory.Tests\HomeInventory.Tests.csproj", "{919E8563-54C2-4AD6-8299-F978C78FF334}"
EndProject
Project("{9A19103F-16F7-4668-BE54-9A1E7A4F7556}") = "HomeInventory.Web", "HomeInventory.Web\HomeInventory.Web.csproj", "{0BDF1510-532A-48B1-8BA2-16A71E849FE4}"
EndProject
Project("{9A19103F-16F7-4668-BE54-9A1E7A4F7556}") = "HomeInventory.Contracts.Validations", "HomeInventory.Contracts.Validations\HomeInventory.Contracts.Validations.csproj", "{BBC845C2-1B52-4D4E-A695-A193ECF8D22F}"
EndProject
Project("{9A19103F-16F7-4668-BE54-9A1E7A4F7556}") = "HomeInventory.Tests.Acceptance", "HomeInventory.Tests.Acceptance\HomeInventory.Tests.Acceptance.csproj", "{1AF7B57D-C08D-4FCC-B66E-0218AC32C1BC}"
EndProject
Project("{9A19103F-16F7-4668-BE54-9A1E7A4F7556}") = "HomeInventory.Domain.Primitives", "HomeInventory.Domain.Primitives\HomeInventory.Domain.Primitives.csproj", "{DA949C90-7FA7-4F99-8588-6EE99156A142}"
EndProject
Project("{9A19103F-16F7-4668-BE54-9A1E7A4F7556}") = "HomeInventory.Tests.Framework", "HomeInventory.Tests.Framework\HomeInventory.Tests.Framework.csproj", "{BAEB09F5-11D6-42AE-9D08-0E03873CA4A7}"
EndProject
Project("{9A19103F-16F7-4668-BE54-9A1E7A4F7556}") = "HomeInventory.Tests.Integration", "HomeInventory.Tests.Integration\HomeInventory.Tests.Integration.csproj", "{CD231292-1763-4477-95CB-718810CBF613}"
EndProject
Project("{E53339B2-1760-4266-BCC7-CA923CBCF16C}") = "docker-compose", "docker-compose.dcproj", "{05679B0B-F5D0-422A-B0C7-AF2EBF80914B}"
EndProject
Project("{2150E333-8FDC-42A3-9474-1A3956D46DE8}") = "Core", "Core", "{47C910FA-4EF8-449C-A2D5-8211E99542D6}"
EndProject
Project("{9A19103F-16F7-4668-BE54-9A1E7A4F7556}") = "HomeInventory.Core", "HomeInventory.Core\HomeInventory.Core.csproj", "{E41ED533-9BD3-4ED0-9523-C63C608DBC51}"
EndProject
Project("{9A19103F-16F7-4668-BE54-9A1E7A4F7556}") = "HomeInventory.Web.UserManagement", "HomeInventory.Web.UserManagement\HomeInventory.Web.UserManagement.csproj", "{808726E2-987A-4385-AC6F-76BFDF667A61}"
EndProject
Project("{9A19103F-16F7-4668-BE54-9A1E7A4F7556}") = "HomeInventory.Web.Framework", "HomeInventory.Web.Framework\HomeInventory.Web.Framework.csproj", "{CFD070F8-85E9-4552-8490-BBF5D2B8E993}"
EndProject
Project("{9A19103F-16F7-4668-BE54-9A1E7A4F7556}") = "HomeInventory.Contracts.UserManagement", "HomeInventory.Contracts.UserManagement\HomeInventory.Contracts.UserManagement.csproj", "{8AF0509A-D0BB-4CB2-8314-3243EB473CFE}"
EndProject
Project("{9A19103F-16F7-4668-BE54-9A1E7A4F7556}") = "HomeInventory.Application.UserManagement", "HomeInventory.Application.UserManagement\HomeInventory.Application.UserManagement.csproj", "{8D70E271-3C19-4D51-BE8E-CE5B5741FFC8}"
EndProject
Project("{9A19103F-16F7-4668-BE54-9A1E7A4F7556}") = "HomeInventory.Application.Framework", "HomeInventory.Application.Framework\HomeInventory.Application.Framework.csproj", "{78055477-6961-45B7-BD3E-6AEE0D241A59}"
EndProject
Project("{9A19103F-16F7-4668-BE54-9A1E7A4F7556}") = "HomeInventory.Application.UserManagement.Interfaces", "HomeInventory.Application.UserManagement.Interfaces\HomeInventory.Application.UserManagement.Interfaces.csproj", "{2CC17490-3E6C-4B99-A7C0-0D698FBEB0B9}"
EndProject
Project("{9A19103F-16F7-4668-BE54-9A1E7A4F7556}") = "HomeInventory.Contracts.UserManagement.Validators", "HomeInventory.Contracts.UserManagement.Validators\HomeInventory.Contracts.UserManagement.Validators.csproj", "{A8D0867E-8F4B-4925-B8AC-64CA4523F843}"
EndProject
Project("{9A19103F-16F7-4668-BE54-9A1E7A4F7556}") = "HomeInventory.Infrastructure.Framework", "HomeInventory.Infrastructure.Framework\HomeInventory.Infrastructure.Framework.csproj", "{0C123C36-6DDA-4B1A-954D-882406D320EC}"
EndProject
Project("{9A19103F-16F7-4668-BE54-9A1E7A4F7556}") = "HomeInventory.Infrastructure.UserManagement", "HomeInventory.Infrastructure.UserManagement\HomeInventory.Infrastructure.UserManagement.csproj", "{D63F9321-DBDD-4628-BF32-7BD370518365}"
EndProject
Project("{2150E333-8FDC-42A3-9474-1A3956D46DE8}") = "UserManagement", "UserManagement", "{EF2A49CC-1DFA-435C-A398-3238B8EC4835}"
EndProject
Project("{9A19103F-16F7-4668-BE54-9A1E7A4F7556}") = "HomeInventory.Domain.UserManagement", "HomeInventory.Domain.UserManagement\HomeInventory.Domain.UserManagement.csproj", "{58B39281-B654-45C7-BBD2-6CB5E3E06029}"
EndProject
Project("{D954291E-2A0B-460D-934E-DC6B0785DB48}") = "HomeInventory.UI.Shared", "HomeInventory.UI\HomeInventory.UI.Shared\HomeInventory.UI.Shared.shproj", "{6279C845-92F8-4333-AB99-3D213163593C}"
EndProject
Project("{FAE04EC0-301F-11D3-BF4B-00C04F79EFBC}") = "HomeInventory.UI.Mobile", "HomeInventory.UI\HomeInventory.UI.Mobile\HomeInventory.UI.Mobile.csproj", "{0C661885-B345-4493-9E29-BF639FC04E10}"
EndProject
Project("{FAE04EC0-301F-11D3-BF4B-00C04F79EFBC}") = "HomeInventory.UI.Uwp", "HomeInventory.UI\HomeInventory.UI.UWP\HomeInventory.UI.Uwp.csproj", "{BA30B56B-98B2-4CF5-B969-7763AA19642B}"
EndProject
Project("{FAE04EC0-301F-11D3-BF4B-00C04F79EFBC}") = "HomeInventory.UI.Skia.Gtk", "HomeInventory.UI\HomeInventory.UI.Skia.Gtk\HomeInventory.UI.Skia.Gtk.csproj", "{37E46D2C-B296-425A-90FE-9FFDBBA7E3CD}"
EndProject
Project("{FAE04EC0-301F-11D3-BF4B-00C04F79EFBC}") = "HomeInventory.UI.Skia.Wpf", "HomeInventory.UI\HomeInventory.UI.Skia.WPF\HomeInventory.UI.Skia.Wpf.csproj", "{2A2BB7FE-83BC-4219-B8DB-20EA81F29BFD}"
EndProject
Project("{FAE04EC0-301F-11D3-BF4B-00C04F79EFBC}") = "HomeInventory.UI.Skia.Linux.FrameBuffer", "HomeInventory.UI\HomeInventory.UI.Skia.Linux.FrameBuffer\HomeInventory.UI.Skia.Linux.FrameBuffer.csproj", "{1169E7A7-1C2B-480C-9757-F1AF73EE31EB}"
EndProject
Global
	GlobalSection(SolutionConfigurationPlatforms) = preSolution
		Debug|Any CPU = Debug|Any CPU
		Debug|ARM = Debug|ARM
		Debug|ARM64 = Debug|ARM64
		Debug|x64 = Debug|x64
		Debug|x86 = Debug|x86
		Release|Any CPU = Release|Any CPU
		Release|ARM = Release|ARM
		Release|ARM64 = Release|ARM64
		Release|x64 = Release|x64
		Release|x86 = Release|x86
	EndGlobalSection
	GlobalSection(ProjectConfigurationPlatforms) = postSolution
		{7E4ACC06-21FE-4926-ACED-4F11370D533E}.Debug|Any CPU.ActiveCfg = Debug|Any CPU
		{7E4ACC06-21FE-4926-ACED-4F11370D533E}.Debug|Any CPU.Build.0 = Debug|Any CPU
		{7E4ACC06-21FE-4926-ACED-4F11370D533E}.Debug|ARM.ActiveCfg = Debug|Any CPU
		{7E4ACC06-21FE-4926-ACED-4F11370D533E}.Debug|ARM.Build.0 = Debug|Any CPU
		{7E4ACC06-21FE-4926-ACED-4F11370D533E}.Debug|ARM64.ActiveCfg = Debug|Any CPU
		{7E4ACC06-21FE-4926-ACED-4F11370D533E}.Debug|ARM64.Build.0 = Debug|Any CPU
		{7E4ACC06-21FE-4926-ACED-4F11370D533E}.Debug|x64.ActiveCfg = Debug|Any CPU
		{7E4ACC06-21FE-4926-ACED-4F11370D533E}.Debug|x64.Build.0 = Debug|Any CPU
		{7E4ACC06-21FE-4926-ACED-4F11370D533E}.Debug|x86.ActiveCfg = Debug|Any CPU
		{7E4ACC06-21FE-4926-ACED-4F11370D533E}.Debug|x86.Build.0 = Debug|Any CPU
		{7E4ACC06-21FE-4926-ACED-4F11370D533E}.Release|Any CPU.ActiveCfg = Release|Any CPU
		{7E4ACC06-21FE-4926-ACED-4F11370D533E}.Release|Any CPU.Build.0 = Release|Any CPU
		{7E4ACC06-21FE-4926-ACED-4F11370D533E}.Release|ARM.ActiveCfg = Release|Any CPU
		{7E4ACC06-21FE-4926-ACED-4F11370D533E}.Release|ARM.Build.0 = Release|Any CPU
		{7E4ACC06-21FE-4926-ACED-4F11370D533E}.Release|ARM64.ActiveCfg = Release|Any CPU
		{7E4ACC06-21FE-4926-ACED-4F11370D533E}.Release|ARM64.Build.0 = Release|Any CPU
		{7E4ACC06-21FE-4926-ACED-4F11370D533E}.Release|x64.ActiveCfg = Release|Any CPU
		{7E4ACC06-21FE-4926-ACED-4F11370D533E}.Release|x64.Build.0 = Release|Any CPU
		{7E4ACC06-21FE-4926-ACED-4F11370D533E}.Release|x86.ActiveCfg = Release|Any CPU
		{7E4ACC06-21FE-4926-ACED-4F11370D533E}.Release|x86.Build.0 = Release|Any CPU
		{0C253727-BB31-43D1-9BB6-5294C1CB1F1B}.Debug|Any CPU.ActiveCfg = Debug|Any CPU
		{0C253727-BB31-43D1-9BB6-5294C1CB1F1B}.Debug|Any CPU.Build.0 = Debug|Any CPU
		{0C253727-BB31-43D1-9BB6-5294C1CB1F1B}.Debug|ARM.ActiveCfg = Debug|Any CPU
		{0C253727-BB31-43D1-9BB6-5294C1CB1F1B}.Debug|ARM.Build.0 = Debug|Any CPU
		{0C253727-BB31-43D1-9BB6-5294C1CB1F1B}.Debug|ARM64.ActiveCfg = Debug|Any CPU
		{0C253727-BB31-43D1-9BB6-5294C1CB1F1B}.Debug|ARM64.Build.0 = Debug|Any CPU
		{0C253727-BB31-43D1-9BB6-5294C1CB1F1B}.Debug|x64.ActiveCfg = Debug|Any CPU
		{0C253727-BB31-43D1-9BB6-5294C1CB1F1B}.Debug|x64.Build.0 = Debug|Any CPU
		{0C253727-BB31-43D1-9BB6-5294C1CB1F1B}.Debug|x86.ActiveCfg = Debug|Any CPU
		{0C253727-BB31-43D1-9BB6-5294C1CB1F1B}.Debug|x86.Build.0 = Debug|Any CPU
		{0C253727-BB31-43D1-9BB6-5294C1CB1F1B}.Release|Any CPU.ActiveCfg = Release|Any CPU
		{0C253727-BB31-43D1-9BB6-5294C1CB1F1B}.Release|Any CPU.Build.0 = Release|Any CPU
		{0C253727-BB31-43D1-9BB6-5294C1CB1F1B}.Release|ARM.ActiveCfg = Release|Any CPU
		{0C253727-BB31-43D1-9BB6-5294C1CB1F1B}.Release|ARM.Build.0 = Release|Any CPU
		{0C253727-BB31-43D1-9BB6-5294C1CB1F1B}.Release|ARM64.ActiveCfg = Release|Any CPU
		{0C253727-BB31-43D1-9BB6-5294C1CB1F1B}.Release|ARM64.Build.0 = Release|Any CPU
		{0C253727-BB31-43D1-9BB6-5294C1CB1F1B}.Release|x64.ActiveCfg = Release|Any CPU
		{0C253727-BB31-43D1-9BB6-5294C1CB1F1B}.Release|x64.Build.0 = Release|Any CPU
		{0C253727-BB31-43D1-9BB6-5294C1CB1F1B}.Release|x86.ActiveCfg = Release|Any CPU
		{0C253727-BB31-43D1-9BB6-5294C1CB1F1B}.Release|x86.Build.0 = Release|Any CPU
		{D384701C-A1CE-4731-BFC0-29882E1271D3}.Debug|Any CPU.ActiveCfg = Debug|Any CPU
		{D384701C-A1CE-4731-BFC0-29882E1271D3}.Debug|Any CPU.Build.0 = Debug|Any CPU
		{D384701C-A1CE-4731-BFC0-29882E1271D3}.Debug|ARM.ActiveCfg = Debug|Any CPU
		{D384701C-A1CE-4731-BFC0-29882E1271D3}.Debug|ARM.Build.0 = Debug|Any CPU
		{D384701C-A1CE-4731-BFC0-29882E1271D3}.Debug|ARM64.ActiveCfg = Debug|Any CPU
		{D384701C-A1CE-4731-BFC0-29882E1271D3}.Debug|ARM64.Build.0 = Debug|Any CPU
		{D384701C-A1CE-4731-BFC0-29882E1271D3}.Debug|x64.ActiveCfg = Debug|Any CPU
		{D384701C-A1CE-4731-BFC0-29882E1271D3}.Debug|x64.Build.0 = Debug|Any CPU
		{D384701C-A1CE-4731-BFC0-29882E1271D3}.Debug|x86.ActiveCfg = Debug|Any CPU
		{D384701C-A1CE-4731-BFC0-29882E1271D3}.Debug|x86.Build.0 = Debug|Any CPU
		{D384701C-A1CE-4731-BFC0-29882E1271D3}.Release|Any CPU.ActiveCfg = Release|Any CPU
		{D384701C-A1CE-4731-BFC0-29882E1271D3}.Release|Any CPU.Build.0 = Release|Any CPU
		{D384701C-A1CE-4731-BFC0-29882E1271D3}.Release|ARM.ActiveCfg = Release|Any CPU
		{D384701C-A1CE-4731-BFC0-29882E1271D3}.Release|ARM.Build.0 = Release|Any CPU
		{D384701C-A1CE-4731-BFC0-29882E1271D3}.Release|ARM64.ActiveCfg = Release|Any CPU
		{D384701C-A1CE-4731-BFC0-29882E1271D3}.Release|ARM64.Build.0 = Release|Any CPU
		{D384701C-A1CE-4731-BFC0-29882E1271D3}.Release|x64.ActiveCfg = Release|Any CPU
		{D384701C-A1CE-4731-BFC0-29882E1271D3}.Release|x64.Build.0 = Release|Any CPU
		{D384701C-A1CE-4731-BFC0-29882E1271D3}.Release|x86.ActiveCfg = Release|Any CPU
		{D384701C-A1CE-4731-BFC0-29882E1271D3}.Release|x86.Build.0 = Release|Any CPU
		{F713EDF3-F4BB-49DE-B2C7-4D329DB6D253}.Debug|Any CPU.ActiveCfg = Debug|Any CPU
		{F713EDF3-F4BB-49DE-B2C7-4D329DB6D253}.Debug|Any CPU.Build.0 = Debug|Any CPU
		{F713EDF3-F4BB-49DE-B2C7-4D329DB6D253}.Debug|ARM.ActiveCfg = Debug|Any CPU
		{F713EDF3-F4BB-49DE-B2C7-4D329DB6D253}.Debug|ARM.Build.0 = Debug|Any CPU
		{F713EDF3-F4BB-49DE-B2C7-4D329DB6D253}.Debug|ARM64.ActiveCfg = Debug|Any CPU
		{F713EDF3-F4BB-49DE-B2C7-4D329DB6D253}.Debug|ARM64.Build.0 = Debug|Any CPU
		{F713EDF3-F4BB-49DE-B2C7-4D329DB6D253}.Debug|x64.ActiveCfg = Debug|Any CPU
		{F713EDF3-F4BB-49DE-B2C7-4D329DB6D253}.Debug|x64.Build.0 = Debug|Any CPU
		{F713EDF3-F4BB-49DE-B2C7-4D329DB6D253}.Debug|x86.ActiveCfg = Debug|Any CPU
		{F713EDF3-F4BB-49DE-B2C7-4D329DB6D253}.Debug|x86.Build.0 = Debug|Any CPU
		{F713EDF3-F4BB-49DE-B2C7-4D329DB6D253}.Release|Any CPU.ActiveCfg = Release|Any CPU
		{F713EDF3-F4BB-49DE-B2C7-4D329DB6D253}.Release|Any CPU.Build.0 = Release|Any CPU
		{F713EDF3-F4BB-49DE-B2C7-4D329DB6D253}.Release|ARM.ActiveCfg = Release|Any CPU
		{F713EDF3-F4BB-49DE-B2C7-4D329DB6D253}.Release|ARM.Build.0 = Release|Any CPU
		{F713EDF3-F4BB-49DE-B2C7-4D329DB6D253}.Release|ARM64.ActiveCfg = Release|Any CPU
		{F713EDF3-F4BB-49DE-B2C7-4D329DB6D253}.Release|ARM64.Build.0 = Release|Any CPU
		{F713EDF3-F4BB-49DE-B2C7-4D329DB6D253}.Release|x64.ActiveCfg = Release|Any CPU
		{F713EDF3-F4BB-49DE-B2C7-4D329DB6D253}.Release|x64.Build.0 = Release|Any CPU
		{F713EDF3-F4BB-49DE-B2C7-4D329DB6D253}.Release|x86.ActiveCfg = Release|Any CPU
		{F713EDF3-F4BB-49DE-B2C7-4D329DB6D253}.Release|x86.Build.0 = Release|Any CPU
		{E5B8A9B1-CAF8-4F91-8424-E80BD88E299E}.Debug|Any CPU.ActiveCfg = Debug|Any CPU
		{E5B8A9B1-CAF8-4F91-8424-E80BD88E299E}.Debug|Any CPU.Build.0 = Debug|Any CPU
		{E5B8A9B1-CAF8-4F91-8424-E80BD88E299E}.Debug|ARM.ActiveCfg = Debug|Any CPU
		{E5B8A9B1-CAF8-4F91-8424-E80BD88E299E}.Debug|ARM.Build.0 = Debug|Any CPU
		{E5B8A9B1-CAF8-4F91-8424-E80BD88E299E}.Debug|ARM64.ActiveCfg = Debug|Any CPU
		{E5B8A9B1-CAF8-4F91-8424-E80BD88E299E}.Debug|ARM64.Build.0 = Debug|Any CPU
		{E5B8A9B1-CAF8-4F91-8424-E80BD88E299E}.Debug|x64.ActiveCfg = Debug|Any CPU
		{E5B8A9B1-CAF8-4F91-8424-E80BD88E299E}.Debug|x64.Build.0 = Debug|Any CPU
		{E5B8A9B1-CAF8-4F91-8424-E80BD88E299E}.Debug|x86.ActiveCfg = Debug|Any CPU
		{E5B8A9B1-CAF8-4F91-8424-E80BD88E299E}.Debug|x86.Build.0 = Debug|Any CPU
		{E5B8A9B1-CAF8-4F91-8424-E80BD88E299E}.Release|Any CPU.ActiveCfg = Release|Any CPU
		{E5B8A9B1-CAF8-4F91-8424-E80BD88E299E}.Release|Any CPU.Build.0 = Release|Any CPU
		{E5B8A9B1-CAF8-4F91-8424-E80BD88E299E}.Release|ARM.ActiveCfg = Release|Any CPU
		{E5B8A9B1-CAF8-4F91-8424-E80BD88E299E}.Release|ARM.Build.0 = Release|Any CPU
		{E5B8A9B1-CAF8-4F91-8424-E80BD88E299E}.Release|ARM64.ActiveCfg = Release|Any CPU
		{E5B8A9B1-CAF8-4F91-8424-E80BD88E299E}.Release|ARM64.Build.0 = Release|Any CPU
		{E5B8A9B1-CAF8-4F91-8424-E80BD88E299E}.Release|x64.ActiveCfg = Release|Any CPU
		{E5B8A9B1-CAF8-4F91-8424-E80BD88E299E}.Release|x64.Build.0 = Release|Any CPU
		{E5B8A9B1-CAF8-4F91-8424-E80BD88E299E}.Release|x86.ActiveCfg = Release|Any CPU
		{E5B8A9B1-CAF8-4F91-8424-E80BD88E299E}.Release|x86.Build.0 = Release|Any CPU
		{919E8563-54C2-4AD6-8299-F978C78FF334}.Debug|Any CPU.ActiveCfg = Debug|Any CPU
		{919E8563-54C2-4AD6-8299-F978C78FF334}.Debug|Any CPU.Build.0 = Debug|Any CPU
		{919E8563-54C2-4AD6-8299-F978C78FF334}.Debug|ARM.ActiveCfg = Debug|Any CPU
		{919E8563-54C2-4AD6-8299-F978C78FF334}.Debug|ARM.Build.0 = Debug|Any CPU
		{919E8563-54C2-4AD6-8299-F978C78FF334}.Debug|ARM64.ActiveCfg = Debug|Any CPU
		{919E8563-54C2-4AD6-8299-F978C78FF334}.Debug|ARM64.Build.0 = Debug|Any CPU
		{919E8563-54C2-4AD6-8299-F978C78FF334}.Debug|x64.ActiveCfg = Debug|Any CPU
		{919E8563-54C2-4AD6-8299-F978C78FF334}.Debug|x64.Build.0 = Debug|Any CPU
		{919E8563-54C2-4AD6-8299-F978C78FF334}.Debug|x86.ActiveCfg = Debug|Any CPU
		{919E8563-54C2-4AD6-8299-F978C78FF334}.Debug|x86.Build.0 = Debug|Any CPU
		{919E8563-54C2-4AD6-8299-F978C78FF334}.Release|Any CPU.ActiveCfg = Release|Any CPU
		{919E8563-54C2-4AD6-8299-F978C78FF334}.Release|Any CPU.Build.0 = Release|Any CPU
		{919E8563-54C2-4AD6-8299-F978C78FF334}.Release|ARM.ActiveCfg = Release|Any CPU
		{919E8563-54C2-4AD6-8299-F978C78FF334}.Release|ARM.Build.0 = Release|Any CPU
		{919E8563-54C2-4AD6-8299-F978C78FF334}.Release|ARM64.ActiveCfg = Release|Any CPU
		{919E8563-54C2-4AD6-8299-F978C78FF334}.Release|ARM64.Build.0 = Release|Any CPU
		{919E8563-54C2-4AD6-8299-F978C78FF334}.Release|x64.ActiveCfg = Release|Any CPU
		{919E8563-54C2-4AD6-8299-F978C78FF334}.Release|x64.Build.0 = Release|Any CPU
		{919E8563-54C2-4AD6-8299-F978C78FF334}.Release|x86.ActiveCfg = Release|Any CPU
		{919E8563-54C2-4AD6-8299-F978C78FF334}.Release|x86.Build.0 = Release|Any CPU
		{0BDF1510-532A-48B1-8BA2-16A71E849FE4}.Debug|Any CPU.ActiveCfg = Debug|Any CPU
		{0BDF1510-532A-48B1-8BA2-16A71E849FE4}.Debug|Any CPU.Build.0 = Debug|Any CPU
		{0BDF1510-532A-48B1-8BA2-16A71E849FE4}.Debug|ARM.ActiveCfg = Debug|Any CPU
		{0BDF1510-532A-48B1-8BA2-16A71E849FE4}.Debug|ARM.Build.0 = Debug|Any CPU
		{0BDF1510-532A-48B1-8BA2-16A71E849FE4}.Debug|ARM64.ActiveCfg = Debug|Any CPU
		{0BDF1510-532A-48B1-8BA2-16A71E849FE4}.Debug|ARM64.Build.0 = Debug|Any CPU
		{0BDF1510-532A-48B1-8BA2-16A71E849FE4}.Debug|x64.ActiveCfg = Debug|Any CPU
		{0BDF1510-532A-48B1-8BA2-16A71E849FE4}.Debug|x64.Build.0 = Debug|Any CPU
		{0BDF1510-532A-48B1-8BA2-16A71E849FE4}.Debug|x86.ActiveCfg = Debug|Any CPU
		{0BDF1510-532A-48B1-8BA2-16A71E849FE4}.Debug|x86.Build.0 = Debug|Any CPU
		{0BDF1510-532A-48B1-8BA2-16A71E849FE4}.Release|Any CPU.ActiveCfg = Release|Any CPU
		{0BDF1510-532A-48B1-8BA2-16A71E849FE4}.Release|Any CPU.Build.0 = Release|Any CPU
		{0BDF1510-532A-48B1-8BA2-16A71E849FE4}.Release|ARM.ActiveCfg = Release|Any CPU
		{0BDF1510-532A-48B1-8BA2-16A71E849FE4}.Release|ARM.Build.0 = Release|Any CPU
		{0BDF1510-532A-48B1-8BA2-16A71E849FE4}.Release|ARM64.ActiveCfg = Release|Any CPU
		{0BDF1510-532A-48B1-8BA2-16A71E849FE4}.Release|ARM64.Build.0 = Release|Any CPU
		{0BDF1510-532A-48B1-8BA2-16A71E849FE4}.Release|x64.ActiveCfg = Release|Any CPU
		{0BDF1510-532A-48B1-8BA2-16A71E849FE4}.Release|x64.Build.0 = Release|Any CPU
		{0BDF1510-532A-48B1-8BA2-16A71E849FE4}.Release|x86.ActiveCfg = Release|Any CPU
		{0BDF1510-532A-48B1-8BA2-16A71E849FE4}.Release|x86.Build.0 = Release|Any CPU
		{BBC845C2-1B52-4D4E-A695-A193ECF8D22F}.Debug|Any CPU.ActiveCfg = Debug|Any CPU
		{BBC845C2-1B52-4D4E-A695-A193ECF8D22F}.Debug|Any CPU.Build.0 = Debug|Any CPU
		{BBC845C2-1B52-4D4E-A695-A193ECF8D22F}.Debug|ARM.ActiveCfg = Debug|Any CPU
		{BBC845C2-1B52-4D4E-A695-A193ECF8D22F}.Debug|ARM.Build.0 = Debug|Any CPU
		{BBC845C2-1B52-4D4E-A695-A193ECF8D22F}.Debug|ARM64.ActiveCfg = Debug|Any CPU
		{BBC845C2-1B52-4D4E-A695-A193ECF8D22F}.Debug|ARM64.Build.0 = Debug|Any CPU
		{BBC845C2-1B52-4D4E-A695-A193ECF8D22F}.Debug|x64.ActiveCfg = Debug|Any CPU
		{BBC845C2-1B52-4D4E-A695-A193ECF8D22F}.Debug|x64.Build.0 = Debug|Any CPU
		{BBC845C2-1B52-4D4E-A695-A193ECF8D22F}.Debug|x86.ActiveCfg = Debug|Any CPU
		{BBC845C2-1B52-4D4E-A695-A193ECF8D22F}.Debug|x86.Build.0 = Debug|Any CPU
		{BBC845C2-1B52-4D4E-A695-A193ECF8D22F}.Release|Any CPU.ActiveCfg = Release|Any CPU
		{BBC845C2-1B52-4D4E-A695-A193ECF8D22F}.Release|Any CPU.Build.0 = Release|Any CPU
		{BBC845C2-1B52-4D4E-A695-A193ECF8D22F}.Release|ARM.ActiveCfg = Release|Any CPU
		{BBC845C2-1B52-4D4E-A695-A193ECF8D22F}.Release|ARM.Build.0 = Release|Any CPU
		{BBC845C2-1B52-4D4E-A695-A193ECF8D22F}.Release|ARM64.ActiveCfg = Release|Any CPU
		{BBC845C2-1B52-4D4E-A695-A193ECF8D22F}.Release|ARM64.Build.0 = Release|Any CPU
		{BBC845C2-1B52-4D4E-A695-A193ECF8D22F}.Release|x64.ActiveCfg = Release|Any CPU
		{BBC845C2-1B52-4D4E-A695-A193ECF8D22F}.Release|x64.Build.0 = Release|Any CPU
		{BBC845C2-1B52-4D4E-A695-A193ECF8D22F}.Release|x86.ActiveCfg = Release|Any CPU
		{BBC845C2-1B52-4D4E-A695-A193ECF8D22F}.Release|x86.Build.0 = Release|Any CPU
		{1AF7B57D-C08D-4FCC-B66E-0218AC32C1BC}.Debug|Any CPU.ActiveCfg = Debug|Any CPU
		{1AF7B57D-C08D-4FCC-B66E-0218AC32C1BC}.Debug|Any CPU.Build.0 = Debug|Any CPU
		{1AF7B57D-C08D-4FCC-B66E-0218AC32C1BC}.Debug|ARM.ActiveCfg = Debug|Any CPU
		{1AF7B57D-C08D-4FCC-B66E-0218AC32C1BC}.Debug|ARM.Build.0 = Debug|Any CPU
		{1AF7B57D-C08D-4FCC-B66E-0218AC32C1BC}.Debug|ARM64.ActiveCfg = Debug|Any CPU
		{1AF7B57D-C08D-4FCC-B66E-0218AC32C1BC}.Debug|ARM64.Build.0 = Debug|Any CPU
		{1AF7B57D-C08D-4FCC-B66E-0218AC32C1BC}.Debug|x64.ActiveCfg = Debug|Any CPU
		{1AF7B57D-C08D-4FCC-B66E-0218AC32C1BC}.Debug|x64.Build.0 = Debug|Any CPU
		{1AF7B57D-C08D-4FCC-B66E-0218AC32C1BC}.Debug|x86.ActiveCfg = Debug|Any CPU
		{1AF7B57D-C08D-4FCC-B66E-0218AC32C1BC}.Debug|x86.Build.0 = Debug|Any CPU
		{1AF7B57D-C08D-4FCC-B66E-0218AC32C1BC}.Release|Any CPU.ActiveCfg = Release|Any CPU
		{1AF7B57D-C08D-4FCC-B66E-0218AC32C1BC}.Release|Any CPU.Build.0 = Release|Any CPU
		{1AF7B57D-C08D-4FCC-B66E-0218AC32C1BC}.Release|ARM.ActiveCfg = Release|Any CPU
		{1AF7B57D-C08D-4FCC-B66E-0218AC32C1BC}.Release|ARM.Build.0 = Release|Any CPU
		{1AF7B57D-C08D-4FCC-B66E-0218AC32C1BC}.Release|ARM64.ActiveCfg = Release|Any CPU
		{1AF7B57D-C08D-4FCC-B66E-0218AC32C1BC}.Release|ARM64.Build.0 = Release|Any CPU
		{1AF7B57D-C08D-4FCC-B66E-0218AC32C1BC}.Release|x64.ActiveCfg = Release|Any CPU
		{1AF7B57D-C08D-4FCC-B66E-0218AC32C1BC}.Release|x64.Build.0 = Release|Any CPU
		{1AF7B57D-C08D-4FCC-B66E-0218AC32C1BC}.Release|x86.ActiveCfg = Release|Any CPU
		{1AF7B57D-C08D-4FCC-B66E-0218AC32C1BC}.Release|x86.Build.0 = Release|Any CPU
		{DA949C90-7FA7-4F99-8588-6EE99156A142}.Debug|Any CPU.ActiveCfg = Debug|Any CPU
		{DA949C90-7FA7-4F99-8588-6EE99156A142}.Debug|Any CPU.Build.0 = Debug|Any CPU
		{DA949C90-7FA7-4F99-8588-6EE99156A142}.Debug|ARM.ActiveCfg = Debug|Any CPU
		{DA949C90-7FA7-4F99-8588-6EE99156A142}.Debug|ARM.Build.0 = Debug|Any CPU
		{DA949C90-7FA7-4F99-8588-6EE99156A142}.Debug|ARM64.ActiveCfg = Debug|Any CPU
		{DA949C90-7FA7-4F99-8588-6EE99156A142}.Debug|ARM64.Build.0 = Debug|Any CPU
		{DA949C90-7FA7-4F99-8588-6EE99156A142}.Debug|x64.ActiveCfg = Debug|Any CPU
		{DA949C90-7FA7-4F99-8588-6EE99156A142}.Debug|x64.Build.0 = Debug|Any CPU
		{DA949C90-7FA7-4F99-8588-6EE99156A142}.Debug|x86.ActiveCfg = Debug|Any CPU
		{DA949C90-7FA7-4F99-8588-6EE99156A142}.Debug|x86.Build.0 = Debug|Any CPU
		{DA949C90-7FA7-4F99-8588-6EE99156A142}.Release|Any CPU.ActiveCfg = Release|Any CPU
		{DA949C90-7FA7-4F99-8588-6EE99156A142}.Release|Any CPU.Build.0 = Release|Any CPU
		{DA949C90-7FA7-4F99-8588-6EE99156A142}.Release|ARM.ActiveCfg = Release|Any CPU
		{DA949C90-7FA7-4F99-8588-6EE99156A142}.Release|ARM.Build.0 = Release|Any CPU
		{DA949C90-7FA7-4F99-8588-6EE99156A142}.Release|ARM64.ActiveCfg = Release|Any CPU
		{DA949C90-7FA7-4F99-8588-6EE99156A142}.Release|ARM64.Build.0 = Release|Any CPU
		{DA949C90-7FA7-4F99-8588-6EE99156A142}.Release|x64.ActiveCfg = Release|Any CPU
		{DA949C90-7FA7-4F99-8588-6EE99156A142}.Release|x64.Build.0 = Release|Any CPU
		{DA949C90-7FA7-4F99-8588-6EE99156A142}.Release|x86.ActiveCfg = Release|Any CPU
		{DA949C90-7FA7-4F99-8588-6EE99156A142}.Release|x86.Build.0 = Release|Any CPU
		{BAEB09F5-11D6-42AE-9D08-0E03873CA4A7}.Debug|Any CPU.ActiveCfg = Debug|Any CPU
		{BAEB09F5-11D6-42AE-9D08-0E03873CA4A7}.Debug|Any CPU.Build.0 = Debug|Any CPU
		{BAEB09F5-11D6-42AE-9D08-0E03873CA4A7}.Debug|ARM.ActiveCfg = Debug|Any CPU
		{BAEB09F5-11D6-42AE-9D08-0E03873CA4A7}.Debug|ARM.Build.0 = Debug|Any CPU
		{BAEB09F5-11D6-42AE-9D08-0E03873CA4A7}.Debug|ARM64.ActiveCfg = Debug|Any CPU
		{BAEB09F5-11D6-42AE-9D08-0E03873CA4A7}.Debug|ARM64.Build.0 = Debug|Any CPU
		{BAEB09F5-11D6-42AE-9D08-0E03873CA4A7}.Debug|x64.ActiveCfg = Debug|Any CPU
		{BAEB09F5-11D6-42AE-9D08-0E03873CA4A7}.Debug|x64.Build.0 = Debug|Any CPU
		{BAEB09F5-11D6-42AE-9D08-0E03873CA4A7}.Debug|x86.ActiveCfg = Debug|Any CPU
		{BAEB09F5-11D6-42AE-9D08-0E03873CA4A7}.Debug|x86.Build.0 = Debug|Any CPU
		{BAEB09F5-11D6-42AE-9D08-0E03873CA4A7}.Release|Any CPU.ActiveCfg = Release|Any CPU
		{BAEB09F5-11D6-42AE-9D08-0E03873CA4A7}.Release|Any CPU.Build.0 = Release|Any CPU
		{BAEB09F5-11D6-42AE-9D08-0E03873CA4A7}.Release|ARM.ActiveCfg = Release|Any CPU
		{BAEB09F5-11D6-42AE-9D08-0E03873CA4A7}.Release|ARM.Build.0 = Release|Any CPU
		{BAEB09F5-11D6-42AE-9D08-0E03873CA4A7}.Release|ARM64.ActiveCfg = Release|Any CPU
		{BAEB09F5-11D6-42AE-9D08-0E03873CA4A7}.Release|ARM64.Build.0 = Release|Any CPU
		{BAEB09F5-11D6-42AE-9D08-0E03873CA4A7}.Release|x64.ActiveCfg = Release|Any CPU
		{BAEB09F5-11D6-42AE-9D08-0E03873CA4A7}.Release|x64.Build.0 = Release|Any CPU
		{BAEB09F5-11D6-42AE-9D08-0E03873CA4A7}.Release|x86.ActiveCfg = Release|Any CPU
		{BAEB09F5-11D6-42AE-9D08-0E03873CA4A7}.Release|x86.Build.0 = Release|Any CPU
		{CD231292-1763-4477-95CB-718810CBF613}.Debug|Any CPU.ActiveCfg = Debug|Any CPU
		{CD231292-1763-4477-95CB-718810CBF613}.Debug|Any CPU.Build.0 = Debug|Any CPU
		{CD231292-1763-4477-95CB-718810CBF613}.Debug|ARM.ActiveCfg = Debug|Any CPU
		{CD231292-1763-4477-95CB-718810CBF613}.Debug|ARM.Build.0 = Debug|Any CPU
		{CD231292-1763-4477-95CB-718810CBF613}.Debug|ARM64.ActiveCfg = Debug|Any CPU
		{CD231292-1763-4477-95CB-718810CBF613}.Debug|ARM64.Build.0 = Debug|Any CPU
		{CD231292-1763-4477-95CB-718810CBF613}.Debug|x64.ActiveCfg = Debug|Any CPU
		{CD231292-1763-4477-95CB-718810CBF613}.Debug|x64.Build.0 = Debug|Any CPU
		{CD231292-1763-4477-95CB-718810CBF613}.Debug|x86.ActiveCfg = Debug|Any CPU
		{CD231292-1763-4477-95CB-718810CBF613}.Debug|x86.Build.0 = Debug|Any CPU
		{CD231292-1763-4477-95CB-718810CBF613}.Release|Any CPU.ActiveCfg = Release|Any CPU
		{CD231292-1763-4477-95CB-718810CBF613}.Release|Any CPU.Build.0 = Release|Any CPU
		{CD231292-1763-4477-95CB-718810CBF613}.Release|ARM.ActiveCfg = Release|Any CPU
		{CD231292-1763-4477-95CB-718810CBF613}.Release|ARM.Build.0 = Release|Any CPU
		{CD231292-1763-4477-95CB-718810CBF613}.Release|ARM64.ActiveCfg = Release|Any CPU
		{CD231292-1763-4477-95CB-718810CBF613}.Release|ARM64.Build.0 = Release|Any CPU
		{CD231292-1763-4477-95CB-718810CBF613}.Release|x64.ActiveCfg = Release|Any CPU
		{CD231292-1763-4477-95CB-718810CBF613}.Release|x64.Build.0 = Release|Any CPU
		{CD231292-1763-4477-95CB-718810CBF613}.Release|x86.ActiveCfg = Release|Any CPU
		{CD231292-1763-4477-95CB-718810CBF613}.Release|x86.Build.0 = Release|Any CPU
		{05679B0B-F5D0-422A-B0C7-AF2EBF80914B}.Debug|Any CPU.ActiveCfg = Debug|Any CPU
		{05679B0B-F5D0-422A-B0C7-AF2EBF80914B}.Debug|Any CPU.Build.0 = Debug|Any CPU
		{05679B0B-F5D0-422A-B0C7-AF2EBF80914B}.Debug|ARM.ActiveCfg = Debug|Any CPU
		{05679B0B-F5D0-422A-B0C7-AF2EBF80914B}.Debug|ARM64.ActiveCfg = Debug|Any CPU
		{05679B0B-F5D0-422A-B0C7-AF2EBF80914B}.Debug|x64.ActiveCfg = Debug|Any CPU
		{05679B0B-F5D0-422A-B0C7-AF2EBF80914B}.Debug|x86.ActiveCfg = Debug|Any CPU
		{05679B0B-F5D0-422A-B0C7-AF2EBF80914B}.Release|Any CPU.ActiveCfg = Release|Any CPU
		{05679B0B-F5D0-422A-B0C7-AF2EBF80914B}.Release|Any CPU.Build.0 = Release|Any CPU
		{05679B0B-F5D0-422A-B0C7-AF2EBF80914B}.Release|ARM.ActiveCfg = Release|Any CPU
		{05679B0B-F5D0-422A-B0C7-AF2EBF80914B}.Release|ARM64.ActiveCfg = Release|Any CPU
		{05679B0B-F5D0-422A-B0C7-AF2EBF80914B}.Release|x64.ActiveCfg = Release|Any CPU
		{05679B0B-F5D0-422A-B0C7-AF2EBF80914B}.Release|x86.ActiveCfg = Release|Any CPU
		{E41ED533-9BD3-4ED0-9523-C63C608DBC51}.Debug|Any CPU.ActiveCfg = Debug|Any CPU
		{E41ED533-9BD3-4ED0-9523-C63C608DBC51}.Debug|Any CPU.Build.0 = Debug|Any CPU
		{E41ED533-9BD3-4ED0-9523-C63C608DBC51}.Debug|ARM.ActiveCfg = Debug|Any CPU
		{E41ED533-9BD3-4ED0-9523-C63C608DBC51}.Debug|ARM.Build.0 = Debug|Any CPU
		{E41ED533-9BD3-4ED0-9523-C63C608DBC51}.Debug|ARM64.ActiveCfg = Debug|Any CPU
		{E41ED533-9BD3-4ED0-9523-C63C608DBC51}.Debug|ARM64.Build.0 = Debug|Any CPU
		{E41ED533-9BD3-4ED0-9523-C63C608DBC51}.Debug|x64.ActiveCfg = Debug|Any CPU
		{E41ED533-9BD3-4ED0-9523-C63C608DBC51}.Debug|x64.Build.0 = Debug|Any CPU
		{E41ED533-9BD3-4ED0-9523-C63C608DBC51}.Debug|x86.ActiveCfg = Debug|Any CPU
		{E41ED533-9BD3-4ED0-9523-C63C608DBC51}.Debug|x86.Build.0 = Debug|Any CPU
		{E41ED533-9BD3-4ED0-9523-C63C608DBC51}.Release|Any CPU.ActiveCfg = Release|Any CPU
		{E41ED533-9BD3-4ED0-9523-C63C608DBC51}.Release|Any CPU.Build.0 = Release|Any CPU
		{E41ED533-9BD3-4ED0-9523-C63C608DBC51}.Release|ARM.ActiveCfg = Release|Any CPU
		{E41ED533-9BD3-4ED0-9523-C63C608DBC51}.Release|ARM.Build.0 = Release|Any CPU
		{E41ED533-9BD3-4ED0-9523-C63C608DBC51}.Release|ARM64.ActiveCfg = Release|Any CPU
		{E41ED533-9BD3-4ED0-9523-C63C608DBC51}.Release|ARM64.Build.0 = Release|Any CPU
		{E41ED533-9BD3-4ED0-9523-C63C608DBC51}.Release|x64.ActiveCfg = Release|Any CPU
		{E41ED533-9BD3-4ED0-9523-C63C608DBC51}.Release|x64.Build.0 = Release|Any CPU
		{E41ED533-9BD3-4ED0-9523-C63C608DBC51}.Release|x86.ActiveCfg = Release|Any CPU
		{E41ED533-9BD3-4ED0-9523-C63C608DBC51}.Release|x86.Build.0 = Release|Any CPU
		{808726E2-987A-4385-AC6F-76BFDF667A61}.Debug|Any CPU.ActiveCfg = Debug|Any CPU
		{808726E2-987A-4385-AC6F-76BFDF667A61}.Debug|Any CPU.Build.0 = Debug|Any CPU
		{808726E2-987A-4385-AC6F-76BFDF667A61}.Debug|ARM.ActiveCfg = Debug|Any CPU
		{808726E2-987A-4385-AC6F-76BFDF667A61}.Debug|ARM.Build.0 = Debug|Any CPU
		{808726E2-987A-4385-AC6F-76BFDF667A61}.Debug|ARM64.ActiveCfg = Debug|Any CPU
		{808726E2-987A-4385-AC6F-76BFDF667A61}.Debug|ARM64.Build.0 = Debug|Any CPU
		{808726E2-987A-4385-AC6F-76BFDF667A61}.Debug|x64.ActiveCfg = Debug|Any CPU
		{808726E2-987A-4385-AC6F-76BFDF667A61}.Debug|x64.Build.0 = Debug|Any CPU
		{808726E2-987A-4385-AC6F-76BFDF667A61}.Debug|x86.ActiveCfg = Debug|Any CPU
		{808726E2-987A-4385-AC6F-76BFDF667A61}.Debug|x86.Build.0 = Debug|Any CPU
		{808726E2-987A-4385-AC6F-76BFDF667A61}.Release|Any CPU.ActiveCfg = Release|Any CPU
		{808726E2-987A-4385-AC6F-76BFDF667A61}.Release|Any CPU.Build.0 = Release|Any CPU
		{808726E2-987A-4385-AC6F-76BFDF667A61}.Release|ARM.ActiveCfg = Release|Any CPU
		{808726E2-987A-4385-AC6F-76BFDF667A61}.Release|ARM.Build.0 = Release|Any CPU
		{808726E2-987A-4385-AC6F-76BFDF667A61}.Release|ARM64.ActiveCfg = Release|Any CPU
		{808726E2-987A-4385-AC6F-76BFDF667A61}.Release|ARM64.Build.0 = Release|Any CPU
		{808726E2-987A-4385-AC6F-76BFDF667A61}.Release|x64.ActiveCfg = Release|Any CPU
		{808726E2-987A-4385-AC6F-76BFDF667A61}.Release|x64.Build.0 = Release|Any CPU
		{808726E2-987A-4385-AC6F-76BFDF667A61}.Release|x86.ActiveCfg = Release|Any CPU
		{808726E2-987A-4385-AC6F-76BFDF667A61}.Release|x86.Build.0 = Release|Any CPU
		{CFD070F8-85E9-4552-8490-BBF5D2B8E993}.Debug|Any CPU.ActiveCfg = Debug|Any CPU
		{CFD070F8-85E9-4552-8490-BBF5D2B8E993}.Debug|Any CPU.Build.0 = Debug|Any CPU
		{CFD070F8-85E9-4552-8490-BBF5D2B8E993}.Debug|ARM.ActiveCfg = Debug|Any CPU
		{CFD070F8-85E9-4552-8490-BBF5D2B8E993}.Debug|ARM.Build.0 = Debug|Any CPU
		{CFD070F8-85E9-4552-8490-BBF5D2B8E993}.Debug|ARM64.ActiveCfg = Debug|Any CPU
		{CFD070F8-85E9-4552-8490-BBF5D2B8E993}.Debug|ARM64.Build.0 = Debug|Any CPU
		{CFD070F8-85E9-4552-8490-BBF5D2B8E993}.Debug|x64.ActiveCfg = Debug|Any CPU
		{CFD070F8-85E9-4552-8490-BBF5D2B8E993}.Debug|x64.Build.0 = Debug|Any CPU
		{CFD070F8-85E9-4552-8490-BBF5D2B8E993}.Debug|x86.ActiveCfg = Debug|Any CPU
		{CFD070F8-85E9-4552-8490-BBF5D2B8E993}.Debug|x86.Build.0 = Debug|Any CPU
		{CFD070F8-85E9-4552-8490-BBF5D2B8E993}.Release|Any CPU.ActiveCfg = Release|Any CPU
		{CFD070F8-85E9-4552-8490-BBF5D2B8E993}.Release|Any CPU.Build.0 = Release|Any CPU
		{CFD070F8-85E9-4552-8490-BBF5D2B8E993}.Release|ARM.ActiveCfg = Release|Any CPU
		{CFD070F8-85E9-4552-8490-BBF5D2B8E993}.Release|ARM.Build.0 = Release|Any CPU
		{CFD070F8-85E9-4552-8490-BBF5D2B8E993}.Release|ARM64.ActiveCfg = Release|Any CPU
		{CFD070F8-85E9-4552-8490-BBF5D2B8E993}.Release|ARM64.Build.0 = Release|Any CPU
		{CFD070F8-85E9-4552-8490-BBF5D2B8E993}.Release|x64.ActiveCfg = Release|Any CPU
		{CFD070F8-85E9-4552-8490-BBF5D2B8E993}.Release|x64.Build.0 = Release|Any CPU
		{CFD070F8-85E9-4552-8490-BBF5D2B8E993}.Release|x86.ActiveCfg = Release|Any CPU
		{CFD070F8-85E9-4552-8490-BBF5D2B8E993}.Release|x86.Build.0 = Release|Any CPU
		{8AF0509A-D0BB-4CB2-8314-3243EB473CFE}.Debug|Any CPU.ActiveCfg = Debug|Any CPU
		{8AF0509A-D0BB-4CB2-8314-3243EB473CFE}.Debug|Any CPU.Build.0 = Debug|Any CPU
		{8AF0509A-D0BB-4CB2-8314-3243EB473CFE}.Debug|ARM.ActiveCfg = Debug|Any CPU
		{8AF0509A-D0BB-4CB2-8314-3243EB473CFE}.Debug|ARM.Build.0 = Debug|Any CPU
		{8AF0509A-D0BB-4CB2-8314-3243EB473CFE}.Debug|ARM64.ActiveCfg = Debug|Any CPU
		{8AF0509A-D0BB-4CB2-8314-3243EB473CFE}.Debug|ARM64.Build.0 = Debug|Any CPU
		{8AF0509A-D0BB-4CB2-8314-3243EB473CFE}.Debug|x64.ActiveCfg = Debug|Any CPU
		{8AF0509A-D0BB-4CB2-8314-3243EB473CFE}.Debug|x64.Build.0 = Debug|Any CPU
		{8AF0509A-D0BB-4CB2-8314-3243EB473CFE}.Debug|x86.ActiveCfg = Debug|Any CPU
		{8AF0509A-D0BB-4CB2-8314-3243EB473CFE}.Debug|x86.Build.0 = Debug|Any CPU
		{8AF0509A-D0BB-4CB2-8314-3243EB473CFE}.Release|Any CPU.ActiveCfg = Release|Any CPU
		{8AF0509A-D0BB-4CB2-8314-3243EB473CFE}.Release|Any CPU.Build.0 = Release|Any CPU
		{8AF0509A-D0BB-4CB2-8314-3243EB473CFE}.Release|ARM.ActiveCfg = Release|Any CPU
		{8AF0509A-D0BB-4CB2-8314-3243EB473CFE}.Release|ARM.Build.0 = Release|Any CPU
		{8AF0509A-D0BB-4CB2-8314-3243EB473CFE}.Release|ARM64.ActiveCfg = Release|Any CPU
		{8AF0509A-D0BB-4CB2-8314-3243EB473CFE}.Release|ARM64.Build.0 = Release|Any CPU
		{8AF0509A-D0BB-4CB2-8314-3243EB473CFE}.Release|x64.ActiveCfg = Release|Any CPU
		{8AF0509A-D0BB-4CB2-8314-3243EB473CFE}.Release|x64.Build.0 = Release|Any CPU
		{8AF0509A-D0BB-4CB2-8314-3243EB473CFE}.Release|x86.ActiveCfg = Release|Any CPU
		{8AF0509A-D0BB-4CB2-8314-3243EB473CFE}.Release|x86.Build.0 = Release|Any CPU
		{8D70E271-3C19-4D51-BE8E-CE5B5741FFC8}.Debug|Any CPU.ActiveCfg = Debug|Any CPU
		{8D70E271-3C19-4D51-BE8E-CE5B5741FFC8}.Debug|Any CPU.Build.0 = Debug|Any CPU
		{8D70E271-3C19-4D51-BE8E-CE5B5741FFC8}.Debug|ARM.ActiveCfg = Debug|Any CPU
		{8D70E271-3C19-4D51-BE8E-CE5B5741FFC8}.Debug|ARM.Build.0 = Debug|Any CPU
		{8D70E271-3C19-4D51-BE8E-CE5B5741FFC8}.Debug|ARM64.ActiveCfg = Debug|Any CPU
		{8D70E271-3C19-4D51-BE8E-CE5B5741FFC8}.Debug|ARM64.Build.0 = Debug|Any CPU
		{8D70E271-3C19-4D51-BE8E-CE5B5741FFC8}.Debug|x64.ActiveCfg = Debug|Any CPU
		{8D70E271-3C19-4D51-BE8E-CE5B5741FFC8}.Debug|x64.Build.0 = Debug|Any CPU
		{8D70E271-3C19-4D51-BE8E-CE5B5741FFC8}.Debug|x86.ActiveCfg = Debug|Any CPU
		{8D70E271-3C19-4D51-BE8E-CE5B5741FFC8}.Debug|x86.Build.0 = Debug|Any CPU
		{8D70E271-3C19-4D51-BE8E-CE5B5741FFC8}.Release|Any CPU.ActiveCfg = Release|Any CPU
		{8D70E271-3C19-4D51-BE8E-CE5B5741FFC8}.Release|Any CPU.Build.0 = Release|Any CPU
		{8D70E271-3C19-4D51-BE8E-CE5B5741FFC8}.Release|ARM.ActiveCfg = Release|Any CPU
		{8D70E271-3C19-4D51-BE8E-CE5B5741FFC8}.Release|ARM.Build.0 = Release|Any CPU
		{8D70E271-3C19-4D51-BE8E-CE5B5741FFC8}.Release|ARM64.ActiveCfg = Release|Any CPU
		{8D70E271-3C19-4D51-BE8E-CE5B5741FFC8}.Release|ARM64.Build.0 = Release|Any CPU
		{8D70E271-3C19-4D51-BE8E-CE5B5741FFC8}.Release|x64.ActiveCfg = Release|Any CPU
		{8D70E271-3C19-4D51-BE8E-CE5B5741FFC8}.Release|x64.Build.0 = Release|Any CPU
		{8D70E271-3C19-4D51-BE8E-CE5B5741FFC8}.Release|x86.ActiveCfg = Release|Any CPU
		{8D70E271-3C19-4D51-BE8E-CE5B5741FFC8}.Release|x86.Build.0 = Release|Any CPU
		{78055477-6961-45B7-BD3E-6AEE0D241A59}.Debug|Any CPU.ActiveCfg = Debug|Any CPU
		{78055477-6961-45B7-BD3E-6AEE0D241A59}.Debug|Any CPU.Build.0 = Debug|Any CPU
		{78055477-6961-45B7-BD3E-6AEE0D241A59}.Debug|ARM.ActiveCfg = Debug|Any CPU
		{78055477-6961-45B7-BD3E-6AEE0D241A59}.Debug|ARM.Build.0 = Debug|Any CPU
		{78055477-6961-45B7-BD3E-6AEE0D241A59}.Debug|ARM64.ActiveCfg = Debug|Any CPU
		{78055477-6961-45B7-BD3E-6AEE0D241A59}.Debug|ARM64.Build.0 = Debug|Any CPU
		{78055477-6961-45B7-BD3E-6AEE0D241A59}.Debug|x64.ActiveCfg = Debug|Any CPU
		{78055477-6961-45B7-BD3E-6AEE0D241A59}.Debug|x64.Build.0 = Debug|Any CPU
		{78055477-6961-45B7-BD3E-6AEE0D241A59}.Debug|x86.ActiveCfg = Debug|Any CPU
		{78055477-6961-45B7-BD3E-6AEE0D241A59}.Debug|x86.Build.0 = Debug|Any CPU
		{78055477-6961-45B7-BD3E-6AEE0D241A59}.Release|Any CPU.ActiveCfg = Release|Any CPU
		{78055477-6961-45B7-BD3E-6AEE0D241A59}.Release|Any CPU.Build.0 = Release|Any CPU
		{78055477-6961-45B7-BD3E-6AEE0D241A59}.Release|ARM.ActiveCfg = Release|Any CPU
		{78055477-6961-45B7-BD3E-6AEE0D241A59}.Release|ARM.Build.0 = Release|Any CPU
		{78055477-6961-45B7-BD3E-6AEE0D241A59}.Release|ARM64.ActiveCfg = Release|Any CPU
		{78055477-6961-45B7-BD3E-6AEE0D241A59}.Release|ARM64.Build.0 = Release|Any CPU
		{78055477-6961-45B7-BD3E-6AEE0D241A59}.Release|x64.ActiveCfg = Release|Any CPU
		{78055477-6961-45B7-BD3E-6AEE0D241A59}.Release|x64.Build.0 = Release|Any CPU
		{78055477-6961-45B7-BD3E-6AEE0D241A59}.Release|x86.ActiveCfg = Release|Any CPU
		{78055477-6961-45B7-BD3E-6AEE0D241A59}.Release|x86.Build.0 = Release|Any CPU
		{2CC17490-3E6C-4B99-A7C0-0D698FBEB0B9}.Debug|Any CPU.ActiveCfg = Debug|Any CPU
		{2CC17490-3E6C-4B99-A7C0-0D698FBEB0B9}.Debug|Any CPU.Build.0 = Debug|Any CPU
		{2CC17490-3E6C-4B99-A7C0-0D698FBEB0B9}.Debug|ARM.ActiveCfg = Debug|Any CPU
		{2CC17490-3E6C-4B99-A7C0-0D698FBEB0B9}.Debug|ARM.Build.0 = Debug|Any CPU
		{2CC17490-3E6C-4B99-A7C0-0D698FBEB0B9}.Debug|ARM64.ActiveCfg = Debug|Any CPU
		{2CC17490-3E6C-4B99-A7C0-0D698FBEB0B9}.Debug|ARM64.Build.0 = Debug|Any CPU
		{2CC17490-3E6C-4B99-A7C0-0D698FBEB0B9}.Debug|x64.ActiveCfg = Debug|Any CPU
		{2CC17490-3E6C-4B99-A7C0-0D698FBEB0B9}.Debug|x64.Build.0 = Debug|Any CPU
		{2CC17490-3E6C-4B99-A7C0-0D698FBEB0B9}.Debug|x86.ActiveCfg = Debug|Any CPU
		{2CC17490-3E6C-4B99-A7C0-0D698FBEB0B9}.Debug|x86.Build.0 = Debug|Any CPU
		{2CC17490-3E6C-4B99-A7C0-0D698FBEB0B9}.Release|Any CPU.ActiveCfg = Release|Any CPU
		{2CC17490-3E6C-4B99-A7C0-0D698FBEB0B9}.Release|Any CPU.Build.0 = Release|Any CPU
		{2CC17490-3E6C-4B99-A7C0-0D698FBEB0B9}.Release|ARM.ActiveCfg = Release|Any CPU
		{2CC17490-3E6C-4B99-A7C0-0D698FBEB0B9}.Release|ARM.Build.0 = Release|Any CPU
		{2CC17490-3E6C-4B99-A7C0-0D698FBEB0B9}.Release|ARM64.ActiveCfg = Release|Any CPU
		{2CC17490-3E6C-4B99-A7C0-0D698FBEB0B9}.Release|ARM64.Build.0 = Release|Any CPU
		{2CC17490-3E6C-4B99-A7C0-0D698FBEB0B9}.Release|x64.ActiveCfg = Release|Any CPU
		{2CC17490-3E6C-4B99-A7C0-0D698FBEB0B9}.Release|x64.Build.0 = Release|Any CPU
		{2CC17490-3E6C-4B99-A7C0-0D698FBEB0B9}.Release|x86.ActiveCfg = Release|Any CPU
		{2CC17490-3E6C-4B99-A7C0-0D698FBEB0B9}.Release|x86.Build.0 = Release|Any CPU
		{A8D0867E-8F4B-4925-B8AC-64CA4523F843}.Debug|Any CPU.ActiveCfg = Debug|Any CPU
		{A8D0867E-8F4B-4925-B8AC-64CA4523F843}.Debug|Any CPU.Build.0 = Debug|Any CPU
		{A8D0867E-8F4B-4925-B8AC-64CA4523F843}.Debug|ARM.ActiveCfg = Debug|Any CPU
		{A8D0867E-8F4B-4925-B8AC-64CA4523F843}.Debug|ARM.Build.0 = Debug|Any CPU
		{A8D0867E-8F4B-4925-B8AC-64CA4523F843}.Debug|ARM64.ActiveCfg = Debug|Any CPU
		{A8D0867E-8F4B-4925-B8AC-64CA4523F843}.Debug|ARM64.Build.0 = Debug|Any CPU
		{A8D0867E-8F4B-4925-B8AC-64CA4523F843}.Debug|x64.ActiveCfg = Debug|Any CPU
		{A8D0867E-8F4B-4925-B8AC-64CA4523F843}.Debug|x64.Build.0 = Debug|Any CPU
		{A8D0867E-8F4B-4925-B8AC-64CA4523F843}.Debug|x86.ActiveCfg = Debug|Any CPU
		{A8D0867E-8F4B-4925-B8AC-64CA4523F843}.Debug|x86.Build.0 = Debug|Any CPU
		{A8D0867E-8F4B-4925-B8AC-64CA4523F843}.Release|Any CPU.ActiveCfg = Release|Any CPU
		{A8D0867E-8F4B-4925-B8AC-64CA4523F843}.Release|Any CPU.Build.0 = Release|Any CPU
		{A8D0867E-8F4B-4925-B8AC-64CA4523F843}.Release|ARM.ActiveCfg = Release|Any CPU
		{A8D0867E-8F4B-4925-B8AC-64CA4523F843}.Release|ARM.Build.0 = Release|Any CPU
		{A8D0867E-8F4B-4925-B8AC-64CA4523F843}.Release|ARM64.ActiveCfg = Release|Any CPU
		{A8D0867E-8F4B-4925-B8AC-64CA4523F843}.Release|ARM64.Build.0 = Release|Any CPU
		{A8D0867E-8F4B-4925-B8AC-64CA4523F843}.Release|x64.ActiveCfg = Release|Any CPU
		{A8D0867E-8F4B-4925-B8AC-64CA4523F843}.Release|x64.Build.0 = Release|Any CPU
		{A8D0867E-8F4B-4925-B8AC-64CA4523F843}.Release|x86.ActiveCfg = Release|Any CPU
		{A8D0867E-8F4B-4925-B8AC-64CA4523F843}.Release|x86.Build.0 = Release|Any CPU
		{0C123C36-6DDA-4B1A-954D-882406D320EC}.Debug|Any CPU.ActiveCfg = Debug|Any CPU
		{0C123C36-6DDA-4B1A-954D-882406D320EC}.Debug|Any CPU.Build.0 = Debug|Any CPU
		{0C123C36-6DDA-4B1A-954D-882406D320EC}.Debug|ARM.ActiveCfg = Debug|Any CPU
		{0C123C36-6DDA-4B1A-954D-882406D320EC}.Debug|ARM.Build.0 = Debug|Any CPU
		{0C123C36-6DDA-4B1A-954D-882406D320EC}.Debug|ARM64.ActiveCfg = Debug|Any CPU
		{0C123C36-6DDA-4B1A-954D-882406D320EC}.Debug|ARM64.Build.0 = Debug|Any CPU
		{0C123C36-6DDA-4B1A-954D-882406D320EC}.Debug|x64.ActiveCfg = Debug|Any CPU
		{0C123C36-6DDA-4B1A-954D-882406D320EC}.Debug|x64.Build.0 = Debug|Any CPU
		{0C123C36-6DDA-4B1A-954D-882406D320EC}.Debug|x86.ActiveCfg = Debug|Any CPU
		{0C123C36-6DDA-4B1A-954D-882406D320EC}.Debug|x86.Build.0 = Debug|Any CPU
		{0C123C36-6DDA-4B1A-954D-882406D320EC}.Release|Any CPU.ActiveCfg = Release|Any CPU
		{0C123C36-6DDA-4B1A-954D-882406D320EC}.Release|Any CPU.Build.0 = Release|Any CPU
		{0C123C36-6DDA-4B1A-954D-882406D320EC}.Release|ARM.ActiveCfg = Release|Any CPU
		{0C123C36-6DDA-4B1A-954D-882406D320EC}.Release|ARM.Build.0 = Release|Any CPU
		{0C123C36-6DDA-4B1A-954D-882406D320EC}.Release|ARM64.ActiveCfg = Release|Any CPU
		{0C123C36-6DDA-4B1A-954D-882406D320EC}.Release|ARM64.Build.0 = Release|Any CPU
		{0C123C36-6DDA-4B1A-954D-882406D320EC}.Release|x64.ActiveCfg = Release|Any CPU
		{0C123C36-6DDA-4B1A-954D-882406D320EC}.Release|x64.Build.0 = Release|Any CPU
		{0C123C36-6DDA-4B1A-954D-882406D320EC}.Release|x86.ActiveCfg = Release|Any CPU
		{0C123C36-6DDA-4B1A-954D-882406D320EC}.Release|x86.Build.0 = Release|Any CPU
		{D63F9321-DBDD-4628-BF32-7BD370518365}.Debug|Any CPU.ActiveCfg = Debug|Any CPU
		{D63F9321-DBDD-4628-BF32-7BD370518365}.Debug|Any CPU.Build.0 = Debug|Any CPU
		{D63F9321-DBDD-4628-BF32-7BD370518365}.Debug|ARM.ActiveCfg = Debug|Any CPU
		{D63F9321-DBDD-4628-BF32-7BD370518365}.Debug|ARM.Build.0 = Debug|Any CPU
		{D63F9321-DBDD-4628-BF32-7BD370518365}.Debug|ARM64.ActiveCfg = Debug|Any CPU
		{D63F9321-DBDD-4628-BF32-7BD370518365}.Debug|ARM64.Build.0 = Debug|Any CPU
		{D63F9321-DBDD-4628-BF32-7BD370518365}.Debug|x64.ActiveCfg = Debug|Any CPU
		{D63F9321-DBDD-4628-BF32-7BD370518365}.Debug|x64.Build.0 = Debug|Any CPU
		{D63F9321-DBDD-4628-BF32-7BD370518365}.Debug|x86.ActiveCfg = Debug|Any CPU
		{D63F9321-DBDD-4628-BF32-7BD370518365}.Debug|x86.Build.0 = Debug|Any CPU
		{D63F9321-DBDD-4628-BF32-7BD370518365}.Release|Any CPU.ActiveCfg = Release|Any CPU
		{D63F9321-DBDD-4628-BF32-7BD370518365}.Release|Any CPU.Build.0 = Release|Any CPU
		{D63F9321-DBDD-4628-BF32-7BD370518365}.Release|ARM.ActiveCfg = Release|Any CPU
		{D63F9321-DBDD-4628-BF32-7BD370518365}.Release|ARM.Build.0 = Release|Any CPU
		{D63F9321-DBDD-4628-BF32-7BD370518365}.Release|ARM64.ActiveCfg = Release|Any CPU
		{D63F9321-DBDD-4628-BF32-7BD370518365}.Release|ARM64.Build.0 = Release|Any CPU
		{D63F9321-DBDD-4628-BF32-7BD370518365}.Release|x64.ActiveCfg = Release|Any CPU
		{D63F9321-DBDD-4628-BF32-7BD370518365}.Release|x64.Build.0 = Release|Any CPU
		{D63F9321-DBDD-4628-BF32-7BD370518365}.Release|x86.ActiveCfg = Release|Any CPU
		{D63F9321-DBDD-4628-BF32-7BD370518365}.Release|x86.Build.0 = Release|Any CPU
		{58B39281-B654-45C7-BBD2-6CB5E3E06029}.Debug|Any CPU.ActiveCfg = Debug|Any CPU
		{58B39281-B654-45C7-BBD2-6CB5E3E06029}.Debug|Any CPU.Build.0 = Debug|Any CPU
		{58B39281-B654-45C7-BBD2-6CB5E3E06029}.Debug|ARM.ActiveCfg = Debug|Any CPU
		{58B39281-B654-45C7-BBD2-6CB5E3E06029}.Debug|ARM.Build.0 = Debug|Any CPU
		{58B39281-B654-45C7-BBD2-6CB5E3E06029}.Debug|ARM64.ActiveCfg = Debug|Any CPU
		{58B39281-B654-45C7-BBD2-6CB5E3E06029}.Debug|ARM64.Build.0 = Debug|Any CPU
		{58B39281-B654-45C7-BBD2-6CB5E3E06029}.Debug|x64.ActiveCfg = Debug|Any CPU
		{58B39281-B654-45C7-BBD2-6CB5E3E06029}.Debug|x64.Build.0 = Debug|Any CPU
		{58B39281-B654-45C7-BBD2-6CB5E3E06029}.Debug|x86.ActiveCfg = Debug|Any CPU
		{58B39281-B654-45C7-BBD2-6CB5E3E06029}.Debug|x86.Build.0 = Debug|Any CPU
		{58B39281-B654-45C7-BBD2-6CB5E3E06029}.Release|Any CPU.ActiveCfg = Release|Any CPU
		{58B39281-B654-45C7-BBD2-6CB5E3E06029}.Release|Any CPU.Build.0 = Release|Any CPU
		{58B39281-B654-45C7-BBD2-6CB5E3E06029}.Release|ARM.ActiveCfg = Release|Any CPU
		{58B39281-B654-45C7-BBD2-6CB5E3E06029}.Release|ARM.Build.0 = Release|Any CPU
		{58B39281-B654-45C7-BBD2-6CB5E3E06029}.Release|ARM64.ActiveCfg = Release|Any CPU
		{58B39281-B654-45C7-BBD2-6CB5E3E06029}.Release|ARM64.Build.0 = Release|Any CPU
		{58B39281-B654-45C7-BBD2-6CB5E3E06029}.Release|x64.ActiveCfg = Release|Any CPU
		{58B39281-B654-45C7-BBD2-6CB5E3E06029}.Release|x64.Build.0 = Release|Any CPU
		{58B39281-B654-45C7-BBD2-6CB5E3E06029}.Release|x86.ActiveCfg = Release|Any CPU
		{58B39281-B654-45C7-BBD2-6CB5E3E06029}.Release|x86.Build.0 = Release|Any CPU
		{0C661885-B345-4493-9E29-BF639FC04E10}.Debug|Any CPU.ActiveCfg = Debug|Any CPU
		{0C661885-B345-4493-9E29-BF639FC04E10}.Debug|Any CPU.Build.0 = Debug|Any CPU
		{0C661885-B345-4493-9E29-BF639FC04E10}.Debug|Any CPU.Deploy.0 = Debug|Any CPU
		{0C661885-B345-4493-9E29-BF639FC04E10}.Debug|ARM.ActiveCfg = Debug|Any CPU
		{0C661885-B345-4493-9E29-BF639FC04E10}.Debug|ARM.Build.0 = Debug|Any CPU
		{0C661885-B345-4493-9E29-BF639FC04E10}.Debug|ARM.Deploy.0 = Debug|Any CPU
		{0C661885-B345-4493-9E29-BF639FC04E10}.Debug|ARM64.ActiveCfg = Debug|Any CPU
		{0C661885-B345-4493-9E29-BF639FC04E10}.Debug|ARM64.Build.0 = Debug|Any CPU
		{0C661885-B345-4493-9E29-BF639FC04E10}.Debug|ARM64.Deploy.0 = Debug|Any CPU
		{0C661885-B345-4493-9E29-BF639FC04E10}.Debug|x64.ActiveCfg = Debug|Any CPU
		{0C661885-B345-4493-9E29-BF639FC04E10}.Debug|x64.Build.0 = Debug|Any CPU
		{0C661885-B345-4493-9E29-BF639FC04E10}.Debug|x64.Deploy.0 = Debug|Any CPU
		{0C661885-B345-4493-9E29-BF639FC04E10}.Debug|x86.ActiveCfg = Debug|Any CPU
		{0C661885-B345-4493-9E29-BF639FC04E10}.Debug|x86.Build.0 = Debug|Any CPU
		{0C661885-B345-4493-9E29-BF639FC04E10}.Debug|x86.Deploy.0 = Debug|Any CPU
		{0C661885-B345-4493-9E29-BF639FC04E10}.Release|Any CPU.ActiveCfg = Release|Any CPU
		{0C661885-B345-4493-9E29-BF639FC04E10}.Release|Any CPU.Build.0 = Release|Any CPU
		{0C661885-B345-4493-9E29-BF639FC04E10}.Release|Any CPU.Deploy.0 = Release|Any CPU
		{0C661885-B345-4493-9E29-BF639FC04E10}.Release|ARM.ActiveCfg = Release|Any CPU
		{0C661885-B345-4493-9E29-BF639FC04E10}.Release|ARM.Build.0 = Release|Any CPU
		{0C661885-B345-4493-9E29-BF639FC04E10}.Release|ARM.Deploy.0 = Release|Any CPU
		{0C661885-B345-4493-9E29-BF639FC04E10}.Release|ARM64.ActiveCfg = Release|Any CPU
		{0C661885-B345-4493-9E29-BF639FC04E10}.Release|ARM64.Build.0 = Release|Any CPU
		{0C661885-B345-4493-9E29-BF639FC04E10}.Release|ARM64.Deploy.0 = Release|Any CPU
		{0C661885-B345-4493-9E29-BF639FC04E10}.Release|x64.ActiveCfg = Release|Any CPU
		{0C661885-B345-4493-9E29-BF639FC04E10}.Release|x64.Build.0 = Release|Any CPU
		{0C661885-B345-4493-9E29-BF639FC04E10}.Release|x64.Deploy.0 = Release|Any CPU
		{0C661885-B345-4493-9E29-BF639FC04E10}.Release|x86.ActiveCfg = Release|Any CPU
		{0C661885-B345-4493-9E29-BF639FC04E10}.Release|x86.Build.0 = Release|Any CPU
		{0C661885-B345-4493-9E29-BF639FC04E10}.Release|x86.Deploy.0 = Release|Any CPU
		{BA30B56B-98B2-4CF5-B969-7763AA19642B}.Debug|Any CPU.ActiveCfg = Debug|x64
		{BA30B56B-98B2-4CF5-B969-7763AA19642B}.Debug|Any CPU.Build.0 = Debug|x64
		{BA30B56B-98B2-4CF5-B969-7763AA19642B}.Debug|Any CPU.Deploy.0 = Debug|x64
		{BA30B56B-98B2-4CF5-B969-7763AA19642B}.Debug|ARM.ActiveCfg = Debug|ARM
		{BA30B56B-98B2-4CF5-B969-7763AA19642B}.Debug|ARM.Build.0 = Debug|ARM
		{BA30B56B-98B2-4CF5-B969-7763AA19642B}.Debug|ARM.Deploy.0 = Debug|ARM
		{BA30B56B-98B2-4CF5-B969-7763AA19642B}.Debug|ARM64.ActiveCfg = Debug|ARM64
		{BA30B56B-98B2-4CF5-B969-7763AA19642B}.Debug|ARM64.Build.0 = Debug|ARM64
		{BA30B56B-98B2-4CF5-B969-7763AA19642B}.Debug|ARM64.Deploy.0 = Debug|ARM64
		{BA30B56B-98B2-4CF5-B969-7763AA19642B}.Debug|x64.ActiveCfg = Debug|x64
		{BA30B56B-98B2-4CF5-B969-7763AA19642B}.Debug|x64.Build.0 = Debug|x64
		{BA30B56B-98B2-4CF5-B969-7763AA19642B}.Debug|x64.Deploy.0 = Debug|x64
		{BA30B56B-98B2-4CF5-B969-7763AA19642B}.Debug|x86.ActiveCfg = Debug|x86
		{BA30B56B-98B2-4CF5-B969-7763AA19642B}.Debug|x86.Build.0 = Debug|x86
		{BA30B56B-98B2-4CF5-B969-7763AA19642B}.Debug|x86.Deploy.0 = Debug|x86
		{BA30B56B-98B2-4CF5-B969-7763AA19642B}.Release|Any CPU.ActiveCfg = Release|x64
		{BA30B56B-98B2-4CF5-B969-7763AA19642B}.Release|Any CPU.Build.0 = Release|x64
		{BA30B56B-98B2-4CF5-B969-7763AA19642B}.Release|Any CPU.Deploy.0 = Release|x64
		{BA30B56B-98B2-4CF5-B969-7763AA19642B}.Release|ARM.ActiveCfg = Release|ARM
		{BA30B56B-98B2-4CF5-B969-7763AA19642B}.Release|ARM.Build.0 = Release|ARM
		{BA30B56B-98B2-4CF5-B969-7763AA19642B}.Release|ARM.Deploy.0 = Release|ARM
		{BA30B56B-98B2-4CF5-B969-7763AA19642B}.Release|ARM64.ActiveCfg = Release|ARM64
		{BA30B56B-98B2-4CF5-B969-7763AA19642B}.Release|ARM64.Build.0 = Release|ARM64
		{BA30B56B-98B2-4CF5-B969-7763AA19642B}.Release|ARM64.Deploy.0 = Release|ARM64
		{BA30B56B-98B2-4CF5-B969-7763AA19642B}.Release|x64.ActiveCfg = Release|x64
		{BA30B56B-98B2-4CF5-B969-7763AA19642B}.Release|x64.Build.0 = Release|x64
		{BA30B56B-98B2-4CF5-B969-7763AA19642B}.Release|x64.Deploy.0 = Release|x64
		{BA30B56B-98B2-4CF5-B969-7763AA19642B}.Release|x86.ActiveCfg = Release|x86
		{BA30B56B-98B2-4CF5-B969-7763AA19642B}.Release|x86.Build.0 = Release|x86
		{BA30B56B-98B2-4CF5-B969-7763AA19642B}.Release|x86.Deploy.0 = Release|x86
		{37E46D2C-B296-425A-90FE-9FFDBBA7E3CD}.Debug|Any CPU.ActiveCfg = Debug|Any CPU
		{37E46D2C-B296-425A-90FE-9FFDBBA7E3CD}.Debug|Any CPU.Build.0 = Debug|Any CPU
		{37E46D2C-B296-425A-90FE-9FFDBBA7E3CD}.Debug|ARM.ActiveCfg = Debug|Any CPU
		{37E46D2C-B296-425A-90FE-9FFDBBA7E3CD}.Debug|ARM.Build.0 = Debug|Any CPU
		{37E46D2C-B296-425A-90FE-9FFDBBA7E3CD}.Debug|ARM64.ActiveCfg = Debug|Any CPU
		{37E46D2C-B296-425A-90FE-9FFDBBA7E3CD}.Debug|ARM64.Build.0 = Debug|Any CPU
		{37E46D2C-B296-425A-90FE-9FFDBBA7E3CD}.Debug|x64.ActiveCfg = Debug|Any CPU
		{37E46D2C-B296-425A-90FE-9FFDBBA7E3CD}.Debug|x64.Build.0 = Debug|Any CPU
		{37E46D2C-B296-425A-90FE-9FFDBBA7E3CD}.Debug|x86.ActiveCfg = Debug|Any CPU
		{37E46D2C-B296-425A-90FE-9FFDBBA7E3CD}.Debug|x86.Build.0 = Debug|Any CPU
		{37E46D2C-B296-425A-90FE-9FFDBBA7E3CD}.Release|Any CPU.ActiveCfg = Release|Any CPU
		{37E46D2C-B296-425A-90FE-9FFDBBA7E3CD}.Release|Any CPU.Build.0 = Release|Any CPU
		{37E46D2C-B296-425A-90FE-9FFDBBA7E3CD}.Release|ARM.ActiveCfg = Release|Any CPU
		{37E46D2C-B296-425A-90FE-9FFDBBA7E3CD}.Release|ARM.Build.0 = Release|Any CPU
		{37E46D2C-B296-425A-90FE-9FFDBBA7E3CD}.Release|ARM64.ActiveCfg = Release|Any CPU
		{37E46D2C-B296-425A-90FE-9FFDBBA7E3CD}.Release|ARM64.Build.0 = Release|Any CPU
		{37E46D2C-B296-425A-90FE-9FFDBBA7E3CD}.Release|x64.ActiveCfg = Release|Any CPU
		{37E46D2C-B296-425A-90FE-9FFDBBA7E3CD}.Release|x64.Build.0 = Release|Any CPU
		{37E46D2C-B296-425A-90FE-9FFDBBA7E3CD}.Release|x86.ActiveCfg = Release|Any CPU
		{37E46D2C-B296-425A-90FE-9FFDBBA7E3CD}.Release|x86.Build.0 = Release|Any CPU
		{2A2BB7FE-83BC-4219-B8DB-20EA81F29BFD}.Debug|Any CPU.ActiveCfg = Debug|Any CPU
		{2A2BB7FE-83BC-4219-B8DB-20EA81F29BFD}.Debug|Any CPU.Build.0 = Debug|Any CPU
		{2A2BB7FE-83BC-4219-B8DB-20EA81F29BFD}.Debug|ARM.ActiveCfg = Debug|Any CPU
		{2A2BB7FE-83BC-4219-B8DB-20EA81F29BFD}.Debug|ARM.Build.0 = Debug|Any CPU
		{2A2BB7FE-83BC-4219-B8DB-20EA81F29BFD}.Debug|ARM64.ActiveCfg = Debug|Any CPU
		{2A2BB7FE-83BC-4219-B8DB-20EA81F29BFD}.Debug|ARM64.Build.0 = Debug|Any CPU
		{2A2BB7FE-83BC-4219-B8DB-20EA81F29BFD}.Debug|x64.ActiveCfg = Debug|Any CPU
		{2A2BB7FE-83BC-4219-B8DB-20EA81F29BFD}.Debug|x64.Build.0 = Debug|Any CPU
		{2A2BB7FE-83BC-4219-B8DB-20EA81F29BFD}.Debug|x86.ActiveCfg = Debug|Any CPU
		{2A2BB7FE-83BC-4219-B8DB-20EA81F29BFD}.Debug|x86.Build.0 = Debug|Any CPU
		{2A2BB7FE-83BC-4219-B8DB-20EA81F29BFD}.Release|Any CPU.ActiveCfg = Release|Any CPU
		{2A2BB7FE-83BC-4219-B8DB-20EA81F29BFD}.Release|Any CPU.Build.0 = Release|Any CPU
		{2A2BB7FE-83BC-4219-B8DB-20EA81F29BFD}.Release|ARM.ActiveCfg = Release|Any CPU
		{2A2BB7FE-83BC-4219-B8DB-20EA81F29BFD}.Release|ARM.Build.0 = Release|Any CPU
		{2A2BB7FE-83BC-4219-B8DB-20EA81F29BFD}.Release|ARM64.ActiveCfg = Release|Any CPU
		{2A2BB7FE-83BC-4219-B8DB-20EA81F29BFD}.Release|ARM64.Build.0 = Release|Any CPU
		{2A2BB7FE-83BC-4219-B8DB-20EA81F29BFD}.Release|x64.ActiveCfg = Release|Any CPU
		{2A2BB7FE-83BC-4219-B8DB-20EA81F29BFD}.Release|x64.Build.0 = Release|Any CPU
		{2A2BB7FE-83BC-4219-B8DB-20EA81F29BFD}.Release|x86.ActiveCfg = Release|Any CPU
		{2A2BB7FE-83BC-4219-B8DB-20EA81F29BFD}.Release|x86.Build.0 = Release|Any CPU
		{1169E7A7-1C2B-480C-9757-F1AF73EE31EB}.Debug|Any CPU.ActiveCfg = Debug|Any CPU
		{1169E7A7-1C2B-480C-9757-F1AF73EE31EB}.Debug|Any CPU.Build.0 = Debug|Any CPU
		{1169E7A7-1C2B-480C-9757-F1AF73EE31EB}.Debug|ARM.ActiveCfg = Debug|Any CPU
		{1169E7A7-1C2B-480C-9757-F1AF73EE31EB}.Debug|ARM.Build.0 = Debug|Any CPU
		{1169E7A7-1C2B-480C-9757-F1AF73EE31EB}.Debug|ARM64.ActiveCfg = Debug|Any CPU
		{1169E7A7-1C2B-480C-9757-F1AF73EE31EB}.Debug|ARM64.Build.0 = Debug|Any CPU
		{1169E7A7-1C2B-480C-9757-F1AF73EE31EB}.Debug|x64.ActiveCfg = Debug|Any CPU
		{1169E7A7-1C2B-480C-9757-F1AF73EE31EB}.Debug|x64.Build.0 = Debug|Any CPU
		{1169E7A7-1C2B-480C-9757-F1AF73EE31EB}.Debug|x86.ActiveCfg = Debug|Any CPU
		{1169E7A7-1C2B-480C-9757-F1AF73EE31EB}.Debug|x86.Build.0 = Debug|Any CPU
		{1169E7A7-1C2B-480C-9757-F1AF73EE31EB}.Release|Any CPU.ActiveCfg = Release|Any CPU
		{1169E7A7-1C2B-480C-9757-F1AF73EE31EB}.Release|Any CPU.Build.0 = Release|Any CPU
		{1169E7A7-1C2B-480C-9757-F1AF73EE31EB}.Release|ARM.ActiveCfg = Release|Any CPU
		{1169E7A7-1C2B-480C-9757-F1AF73EE31EB}.Release|ARM.Build.0 = Release|Any CPU
		{1169E7A7-1C2B-480C-9757-F1AF73EE31EB}.Release|ARM64.ActiveCfg = Release|Any CPU
		{1169E7A7-1C2B-480C-9757-F1AF73EE31EB}.Release|ARM64.Build.0 = Release|Any CPU
		{1169E7A7-1C2B-480C-9757-F1AF73EE31EB}.Release|x64.ActiveCfg = Release|Any CPU
		{1169E7A7-1C2B-480C-9757-F1AF73EE31EB}.Release|x64.Build.0 = Release|Any CPU
		{1169E7A7-1C2B-480C-9757-F1AF73EE31EB}.Release|x86.ActiveCfg = Release|Any CPU
		{1169E7A7-1C2B-480C-9757-F1AF73EE31EB}.Release|x86.Build.0 = Release|Any CPU
	EndGlobalSection
	GlobalSection(SolutionProperties) = preSolution
		HideSolutionNode = FALSE
	EndGlobalSection
	GlobalSection(NestedProjects) = preSolution
		{7E4ACC06-21FE-4926-ACED-4F11370D533E} = {95C1DBBA-BF50-4738-B3A4-71FEB74333BE}
		{0C253727-BB31-43D1-9BB6-5294C1CB1F1B} = {95C1DBBA-BF50-4738-B3A4-71FEB74333BE}
		{D384701C-A1CE-4731-BFC0-29882E1271D3} = {84E0491E-6A0F-41F2-A007-9E130A07AD41}
		{F713EDF3-F4BB-49DE-B2C7-4D329DB6D253} = {8998FD12-C90F-4511-990B-C166FF2D4497}
		{E5B8A9B1-CAF8-4F91-8424-E80BD88E299E} = {37996BAC-D284-4998-99D0-FA54E600A27C}
		{919E8563-54C2-4AD6-8299-F978C78FF334} = {9AD3FEAC-AE79-4EF0-A851-4A5A7418DC5D}
		{0BDF1510-532A-48B1-8BA2-16A71E849FE4} = {95C1DBBA-BF50-4738-B3A4-71FEB74333BE}
		{BBC845C2-1B52-4D4E-A695-A193ECF8D22F} = {95C1DBBA-BF50-4738-B3A4-71FEB74333BE}
		{1AF7B57D-C08D-4FCC-B66E-0218AC32C1BC} = {9AD3FEAC-AE79-4EF0-A851-4A5A7418DC5D}
		{DA949C90-7FA7-4F99-8588-6EE99156A142} = {8998FD12-C90F-4511-990B-C166FF2D4497}
		{BAEB09F5-11D6-42AE-9D08-0E03873CA4A7} = {9AD3FEAC-AE79-4EF0-A851-4A5A7418DC5D}
		{CD231292-1763-4477-95CB-718810CBF613} = {9AD3FEAC-AE79-4EF0-A851-4A5A7418DC5D}
		{E41ED533-9BD3-4ED0-9523-C63C608DBC51} = {47C910FA-4EF8-449C-A2D5-8211E99542D6}
		{808726E2-987A-4385-AC6F-76BFDF667A61} = {EF2A49CC-1DFA-435C-A398-3238B8EC4835}
		{CFD070F8-85E9-4552-8490-BBF5D2B8E993} = {95C1DBBA-BF50-4738-B3A4-71FEB74333BE}
		{8AF0509A-D0BB-4CB2-8314-3243EB473CFE} = {EF2A49CC-1DFA-435C-A398-3238B8EC4835}
		{8D70E271-3C19-4D51-BE8E-CE5B5741FFC8} = {EF2A49CC-1DFA-435C-A398-3238B8EC4835}
		{78055477-6961-45B7-BD3E-6AEE0D241A59} = {84E0491E-6A0F-41F2-A007-9E130A07AD41}
		{2CC17490-3E6C-4B99-A7C0-0D698FBEB0B9} = {EF2A49CC-1DFA-435C-A398-3238B8EC4835}
		{A8D0867E-8F4B-4925-B8AC-64CA4523F843} = {EF2A49CC-1DFA-435C-A398-3238B8EC4835}
		{0C123C36-6DDA-4B1A-954D-882406D320EC} = {37996BAC-D284-4998-99D0-FA54E600A27C}
		{D63F9321-DBDD-4628-BF32-7BD370518365} = {EF2A49CC-1DFA-435C-A398-3238B8EC4835}
		{58B39281-B654-45C7-BBD2-6CB5E3E06029} = {EF2A49CC-1DFA-435C-A398-3238B8EC4835}
		{6279C845-92F8-4333-AB99-3D213163593C} = {95C1DBBA-BF50-4738-B3A4-71FEB74333BE}
		{0C661885-B345-4493-9E29-BF639FC04E10} = {95C1DBBA-BF50-4738-B3A4-71FEB74333BE}
		{BA30B56B-98B2-4CF5-B969-7763AA19642B} = {95C1DBBA-BF50-4738-B3A4-71FEB74333BE}
		{37E46D2C-B296-425A-90FE-9FFDBBA7E3CD} = {95C1DBBA-BF50-4738-B3A4-71FEB74333BE}
		{2A2BB7FE-83BC-4219-B8DB-20EA81F29BFD} = {95C1DBBA-BF50-4738-B3A4-71FEB74333BE}
		{1169E7A7-1C2B-480C-9757-F1AF73EE31EB} = {95C1DBBA-BF50-4738-B3A4-71FEB74333BE}
	EndGlobalSection
	GlobalSection(ExtensibilityGlobals) = postSolution
		SolutionGuid = {9269F40D-EEA5-4AC9-B352-7F8388545168}
	EndGlobalSection
	GlobalSection(SharedMSBuildProjectFiles) = preSolution
		HomeInventory.UI\HomeInventory.UI.Shared\HomeInventory.UI.Shared.projitems*{0c661885-b345-4493-9e29-bf639fc04e10}*SharedItemsImports = 5
		HomeInventory.UI\HomeInventory.UI.Shared\HomeInventory.UI.Shared.projitems*{1169e7a7-1c2b-480c-9757-f1af73ee31eb}*SharedItemsImports = 5
		HomeInventory.UI\HomeInventory.UI.Shared\HomeInventory.UI.Shared.projitems*{2a2bb7fe-83bc-4219-b8db-20ea81f29bfd}*SharedItemsImports = 5
		HomeInventory.UI\HomeInventory.UI.Shared\HomeInventory.UI.Shared.projitems*{37e46d2c-b296-425a-90fe-9ffdbba7e3cd}*SharedItemsImports = 5
		HomeInventory.UI\HomeInventory.UI.Shared\HomeInventory.UI.Shared.projitems*{6279c845-92f8-4333-ab99-3d213163593c}*SharedItemsImports = 13
		HomeInventory.UI\HomeInventory.UI.Shared\HomeInventory.UI.Shared.projitems*{ba30b56b-98b2-4cf5-b969-7763aa19642b}*SharedItemsImports = 4
	EndGlobalSection
EndGlobal
